
Microsoft Visual Studio Solution File, Format Version 10.00
# Visual Studio 2008
Project("{FAE04EC0-301F-11D3-BF4B-00C04F79EFBC}") = "soundtest", "soundtest\soundtest.csproj", "{2E17A4C3-4156-4CFA-BB8A-D5748DA2C836}"
EndProject
Global
	GlobalSection(SolutionConfigurationPlatforms) = preSolution
		Debug|iPhoneSimulator = Debug|iPhoneSimulator
		Release|iPhoneSimulator = Release|iPhoneSimulator
		Debug|iPhone = Debug|iPhone
		Release|iPhone = Release|iPhone
	EndGlobalSection
	GlobalSection(ProjectConfigurationPlatforms) = postSolution
		{2E17A4C3-4156-4CFA-BB8A-D5748DA2C836}.Debug|iPhone.ActiveCfg = Debug|iPhone
		{2E17A4C3-4156-4CFA-BB8A-D5748DA2C836}.Debug|iPhone.Build.0 = Debug|iPhone
		{2E17A4C3-4156-4CFA-BB8A-D5748DA2C836}.Debug|iPhoneSimulator.ActiveCfg = Debug|iPhoneSimulator
		{2E17A4C3-4156-4CFA-BB8A-D5748DA2C836}.Debug|iPhoneSimulator.Build.0 = Debug|iPhoneSimulator
		{2E17A4C3-4156-4CFA-BB8A-D5748DA2C836}.Release|iPhone.ActiveCfg = Release|iPhone
		{2E17A4C3-4156-4CFA-BB8A-D5748DA2C836}.Release|iPhone.Build.0 = Release|iPhone
		{2E17A4C3-4156-4CFA-BB8A-D5748DA2C836}.Release|iPhoneSimulator.ActiveCfg = Release|iPhoneSimulator
		{2E17A4C3-4156-4CFA-BB8A-D5748DA2C836}.Release|iPhoneSimulator.Build.0 = Release|iPhoneSimulator
	EndGlobalSection
	GlobalSection(MonoDevelopProperties) = preSolution
		StartupItem = soundtest\soundtest.csproj
	EndGlobalSection
EndGlobal
